
Microsoft Visual Studio Solution File, Format Version 12.00
Project("{FAE04EC0-301F-11D3-BF4B-00C04F79EFBC}") = "ComparisonTech.MessageBoard", "src\ComparisonTech.MessageBoard\ComparisonTech.MessageBoard.csproj", "{7335CFF6-3F91-4F98-9E91-D694F6B1BD15}"
EndProject
Global
	GlobalSection(SolutionConfigurationPlatforms) = preSolution
		Debug|Any CPU = Debug|Any CPU
		Release|Any CPU = Release|Any CPU
	EndGlobalSection
	GlobalSection(ProjectConfigurationPlatforms) = postSolution
		{7335CFF6-3F91-4F98-9E91-D694F6B1BD15}.Debug|Any CPU.ActiveCfg = Debug|Any CPU
		{7335CFF6-3F91-4F98-9E91-D694F6B1BD15}.Debug|Any CPU.Build.0 = Debug|Any CPU
		{7335CFF6-3F91-4F98-9E91-D694F6B1BD15}.Release|Any CPU.ActiveCfg = Release|Any CPU
		{7335CFF6-3F91-4F98-9E91-D694F6B1BD15}.Release|Any CPU.Build.0 = Release|Any CPU
	EndGlobalSection
EndGlobal
